
Microsoft Visual Studio Solution File, Format Version 12.00
# Visual Studio Version 16
VisualStudioVersion = 16.0.31205.134
MinimumVisualStudioVersion = 10.0.40219.1
Project("{FAE04EC0-301F-11D3-BF4B-00C04F79EFBC}") = "fibonacci", "fibonacci\fibonacci.csproj", "{947EB4FD-96B6-44F5-88C2-03EF48CD338B}"
EndProject
Global
	GlobalSection(SolutionConfigurationPlatforms) = preSolution
		Debug|Any CPU = Debug|Any CPU
		Release|Any CPU = Release|Any CPU
	EndGlobalSection
	GlobalSection(ProjectConfigurationPlatforms) = postSolution
		{947EB4FD-96B6-44F5-88C2-03EF48CD338B}.Debug|Any CPU.ActiveCfg = Debug|Any CPU
		{947EB4FD-96B6-44F5-88C2-03EF48CD338B}.Debug|Any CPU.Build.0 = Debug|Any CPU
		{947EB4FD-96B6-44F5-88C2-03EF48CD338B}.Release|Any CPU.ActiveCfg = Release|Any CPU
		{947EB4FD-96B6-44F5-88C2-03EF48CD338B}.Release|Any CPU.Build.0 = Release|Any CPU
	EndGlobalSection
	GlobalSection(SolutionProperties) = preSolution
		HideSolutionNode = FALSE
	EndGlobalSection
	GlobalSection(ExtensibilityGlobals) = postSolution
		SolutionGuid = {8930C67E-35EF-47A6-8EC1-53FBA983B854}
	EndGlobalSection
EndGlobal
